
Microsoft Visual Studio Solution File, Format Version 12.00
# Visual Studio 2012
Project("{FAE04EC0-301F-11D3-BF4B-00C04F79EFBC}") = "TextEditor", "TextEditor\TextEditor.csproj", "{33C891BA-6965-419F-A5BE-5618348C201F}"
EndProject
Project("{FAE04EC0-301F-11D3-BF4B-00C04F79EFBC}") = "TextEditor.BL", "TextEditor.BL\TextEditor.BL.csproj", "{3787F9AF-FF6B-45F9-9A52-57E815BFD6F0}"
EndProject
Global
	GlobalSection(SolutionConfigurationPlatforms) = preSolution
		Debug|Any CPU = Debug|Any CPU
		Release|Any CPU = Release|Any CPU
	EndGlobalSection
	GlobalSection(ProjectConfigurationPlatforms) = postSolution
		{33C891BA-6965-419F-A5BE-5618348C201F}.Debug|Any CPU.ActiveCfg = Debug|Any CPU
		{33C891BA-6965-419F-A5BE-5618348C201F}.Debug|Any CPU.Build.0 = Debug|Any CPU
		{33C891BA-6965-419F-A5BE-5618348C201F}.Release|Any CPU.ActiveCfg = Release|Any CPU
		{33C891BA-6965-419F-A5BE-5618348C201F}.Release|Any CPU.Build.0 = Release|Any CPU
		{3787F9AF-FF6B-45F9-9A52-57E815BFD6F0}.Debug|Any CPU.ActiveCfg = Debug|Any CPU
		{3787F9AF-FF6B-45F9-9A52-57E815BFD6F0}.Debug|Any CPU.Build.0 = Debug|Any CPU
		{3787F9AF-FF6B-45F9-9A52-57E815BFD6F0}.Release|Any CPU.ActiveCfg = Release|Any CPU
		{3787F9AF-FF6B-45F9-9A52-57E815BFD6F0}.Release|Any CPU.Build.0 = Release|Any CPU
	EndGlobalSection
	GlobalSection(SolutionProperties) = preSolution
		HideSolutionNode = FALSE
	EndGlobalSection
EndGlobal
