
Microsoft Visual Studio Solution File, Format Version 12.00
# Visual Studio 2012
Project("{FAE04EC0-301F-11D3-BF4B-00C04F79EFBC}") = "MyCaffe", "MyCaffe\MyCaffe.csproj", "{B1AD0165-958D-4B16-BF79-FE15EE23F9A7}"
EndProject
Global
	GlobalSection(SolutionConfigurationPlatforms) = preSolution
		Debug|Any CPU = Debug|Any CPU
		Release|Any CPU = Release|Any CPU
	EndGlobalSection
	GlobalSection(ProjectConfigurationPlatforms) = postSolution
		{B1AD0165-958D-4B16-BF79-FE15EE23F9A7}.Debug|Any CPU.ActiveCfg = Debug|Any CPU
		{B1AD0165-958D-4B16-BF79-FE15EE23F9A7}.Debug|Any CPU.Build.0 = Debug|Any CPU
		{B1AD0165-958D-4B16-BF79-FE15EE23F9A7}.Release|Any CPU.ActiveCfg = Release|Any CPU
		{B1AD0165-958D-4B16-BF79-FE15EE23F9A7}.Release|Any CPU.Build.0 = Release|Any CPU
	EndGlobalSection
	GlobalSection(SolutionProperties) = preSolution
		HideSolutionNode = FALSE
	EndGlobalSection
EndGlobal
