
Microsoft Visual Studio Solution File, Format Version 12.00
# Visual Studio 2012
Project("{FAE04EC0-301F-11D3-BF4B-00C04F79EFBC}") = "PointInTriangle", "ForTest\PointInTriangle.csproj", "{1E309FCC-C779-4A72-80FB-53D8A1D4A143}"
EndProject
Global
	GlobalSection(SolutionConfigurationPlatforms) = preSolution
		Debug|Any CPU = Debug|Any CPU
		Release|Any CPU = Release|Any CPU
	EndGlobalSection
	GlobalSection(ProjectConfigurationPlatforms) = postSolution
		{1E309FCC-C779-4A72-80FB-53D8A1D4A143}.Debug|Any CPU.ActiveCfg = Debug|Any CPU
		{1E309FCC-C779-4A72-80FB-53D8A1D4A143}.Debug|Any CPU.Build.0 = Debug|Any CPU
		{1E309FCC-C779-4A72-80FB-53D8A1D4A143}.Release|Any CPU.ActiveCfg = Release|Any CPU
		{1E309FCC-C779-4A72-80FB-53D8A1D4A143}.Release|Any CPU.Build.0 = Release|Any CPU
	EndGlobalSection
	GlobalSection(SolutionProperties) = preSolution
		HideSolutionNode = FALSE
	EndGlobalSection
EndGlobal
