
Microsoft Visual Studio Solution File, Format Version 12.00
# Visual Studio 2012
Project("{FAE04EC0-301F-11D3-BF4B-00C04F79EFBC}") = "Bubble Sort", "Bubble Sort\Bubble Sort.csproj", "{757F62B8-8C0E-4853-8E68-3817569B81C2}"
EndProject
Global
	GlobalSection(SolutionConfigurationPlatforms) = preSolution
		Debug|Any CPU = Debug|Any CPU
		Release|Any CPU = Release|Any CPU
	EndGlobalSection
	GlobalSection(ProjectConfigurationPlatforms) = postSolution
		{757F62B8-8C0E-4853-8E68-3817569B81C2}.Debug|Any CPU.ActiveCfg = Debug|Any CPU
		{757F62B8-8C0E-4853-8E68-3817569B81C2}.Debug|Any CPU.Build.0 = Debug|Any CPU
		{757F62B8-8C0E-4853-8E68-3817569B81C2}.Release|Any CPU.ActiveCfg = Release|Any CPU
		{757F62B8-8C0E-4853-8E68-3817569B81C2}.Release|Any CPU.Build.0 = Release|Any CPU
	EndGlobalSection
	GlobalSection(SolutionProperties) = preSolution
		HideSolutionNode = FALSE
	EndGlobalSection
EndGlobal
